
Microsoft Visual Studio Solution File, Format Version 12.00
# Visual Studio Version 17
VisualStudioVersion = 17.2.32422.2
MinimumVisualStudioVersion = 10.0.40219.1
Project("{FAE04EC0-301F-11D3-BF4B-00C04F79EFBC}") = "Cinema", "Cinema\Cinema.csproj", "{940F4B33-27EB-4E22-BA14-C5734B770399}"
EndProject
Global
	GlobalSection(SolutionConfigurationPlatforms) = preSolution
		Debug|Any CPU = Debug|Any CPU
		Release|Any CPU = Release|Any CPU
	EndGlobalSection
	GlobalSection(ProjectConfigurationPlatforms) = postSolution
		{940F4B33-27EB-4E22-BA14-C5734B770399}.Debug|Any CPU.ActiveCfg = Debug|Any CPU
		{940F4B33-27EB-4E22-BA14-C5734B770399}.Debug|Any CPU.Build.0 = Debug|Any CPU
		{940F4B33-27EB-4E22-BA14-C5734B770399}.Release|Any CPU.ActiveCfg = Release|Any CPU
		{940F4B33-27EB-4E22-BA14-C5734B770399}.Release|Any CPU.Build.0 = Release|Any CPU
	EndGlobalSection
	GlobalSection(SolutionProperties) = preSolution
		HideSolutionNode = FALSE
	EndGlobalSection
	GlobalSection(ExtensibilityGlobals) = postSolution
		SolutionGuid = {441C74E0-3DC0-4712-B9A1-DD3EC296037A}
	EndGlobalSection
EndGlobal
